// !$*UTF8*$!
{
	archiveVersion = 1;
	classes = {
	};
	objectVersion = 46;
	objects = {

/* Begin PBXBuildFile section */
		9A38E3511CF3EB8F00F11577 /* main.m in Sources */ = {isa = PBXBuildFile; fileRef = 9A38E3501CF3EB8F00F11577 /* main.m */; };
		9A38E3541CF3EB8F00F11577 /* AppDelegate.m in Sources */ = {isa = PBXBuildFile; fileRef = 9A38E3531CF3EB8F00F11577 /* AppDelegate.m */; };
		9A38E3571CF3EB8F00F11577 /* ViewController.m in Sources */ = {isa = PBXBuildFile; fileRef = 9A38E3561CF3EB8F00F11577 /* ViewController.m */; };
		9A38E35A1CF3EB8F00F11577 /* Main.storyboard in Resources */ = {isa = PBXBuildFile; fileRef = 9A38E3581CF3EB8F00F11577 /* Main.storyboard */; };
		9A38E35C1CF3EB8F00F11577 /* Assets.xcassets in Resources */ = {isa = PBXBuildFile; fileRef = 9A38E35B1CF3EB8F00F11577 /* Assets.xcassets */; };
		9A38E35F1CF3EB8F00F11577 /* LaunchScreen.storyboard in Resources */ = {isa = PBXBuildFile; fileRef = 9A38E35D1CF3EB8F00F11577 /* LaunchScreen.storyboard */; };
		9A38E3691CF3EC1C00F11577 /* XXGCDSemaphore.m in Sources */ = {isa = PBXBuildFile; fileRef = 9A38E3681CF3EC1C00F11577 /* XXGCDSemaphore.m */; };
		9A38E36C1CF3F0CA00F11577 /* XXEngine.m in Sources */ = {isa = PBXBuildFile; fileRef = 9A38E36B1CF3F0CA00F11577 /* XXEngine.m */; };
		9A9A76261CF432600004EF94 /* XXGCDGroup.m in Sources */ = {isa = PBXBuildFile; fileRef = 9A9A76251CF432600004EF94 /* XXGCDGroup.m */; };
		9A9A762C1CF47EF60004EF94 /* XXGCDApply.m in Sources */ = {isa = PBXBuildFile; fileRef = 9A9A762B1CF47EF60004EF94 /* XXGCDApply.m */; };
		9A9A76371CF4837D0004EF94 /* XXGCDTimer.m in Sources */ = {isa = PBXBuildFile; fileRef = 9A9A76361CF4837D0004EF94 /* XXGCDTimer.m */; };
		9AC1B15D1D00504F00595397 /* XXGCDSync.m in Sources */ = {isa = PBXBuildFile; fileRef = 9AC1B15C1D00504F00595397 /* XXGCDSync.m */; };
		9AC1B1601D00558A00595397 /* XXGCDGlobal.m in Sources */ = {isa = PBXBuildFile; fileRef = 9AC1B15F1D00558A00595397 /* XXGCDGlobal.m */; };
/* End PBXBuildFile section */

/* Begin PBXFileReference section */
		9A38E34C1CF3EB8F00F11577 /* XXGCD.app */ = {isa = PBXFileReference; explicitFileType = wrapper.application; includeInIndex = 0; path = XXGCD.app; sourceTree = BUILT_PRODUCTS_DIR; };
		9A38E3501CF3EB8F00F11577 /* main.m */ = {isa = PBXFileReference; lastKnownFileType = sourcecode.c.objc; path = main.m; sourceTree = "<group>"; };
		9A38E3521CF3EB8F00F11577 /* AppDelegate.h */ = {isa = PBXFileReference; lastKnownFileType = sourcecode.c.h; path = AppDelegate.h; sourceTree = "<group>"; };
		9A38E3531CF3EB8F00F11577 /* AppDelegate.m */ = {isa = PBXFileReference; lastKnownFileType = sourcecode.c.objc; path = AppDelegate.m; sourceTree = "<group>"; };
		9A38E3551CF3EB8F00F11577 /* ViewController.h */ = {isa = PBXFileReference; lastKnownFileType = sourcecode.c.h; path = ViewController.h; sourceTree = "<group>"; };
		9A38E3561CF3EB8F00F11577 /* ViewController.m */ = {isa = PBXFileReference; lastKnownFileType = sourcecode.c.objc; path = ViewController.m; sourceTree = "<group>"; };
		9A38E3591CF3EB8F00F11577 /* Base */ = {isa = PBXFileReference; lastKnownFileType = file.storyboard; name = Base; path = Base.lproj/Main.storyboard; sourceTree = "<group>"; };
		9A38E35B1CF3EB8F00F11577 /* Assets.xcassets */ = {isa = PBXFileReference; lastKnownFileType = folder.assetcatalog; path = Assets.xcassets; sourceTree = "<group>"; };
		9A38E35E1CF3EB8F00F11577 /* Base */ = {isa = PBXFileReference; lastKnownFileType = file.storyboard; name = Base; path = Base.lproj/LaunchScreen.storyboard; sourceTree = "<group>"; };
		9A38E3601CF3EB8F00F11577 /* Info.plist */ = {isa = PBXFileReference; lastKnownFileType = text.plist.xml; path = Info.plist; sourceTree = "<group>"; };
		9A38E3671CF3EC1C00F11577 /* XXGCDSemaphore.h */ = {isa = PBXFileReference; fileEncoding = 4; lastKnownFileType = sourcecode.c.h; path = XXGCDSemaphore.h; sourceTree = "<group>"; };
		9A38E3681CF3EC1C00F11577 /* XXGCDSemaphore.m */ = {isa = PBXFileReference; fileEncoding = 4; lastKnownFileType = sourcecode.c.objc; path = XXGCDSemaphore.m; sourceTree = "<group>"; };
		9A38E36A1CF3F0CA00F11577 /* XXEngine.h */ = {isa = PBXFileReference; fileEncoding = 4; lastKnownFileType = sourcecode.c.h; path = XXEngine.h; sourceTree = "<group>"; };
		9A38E36B1CF3F0CA00F11577 /* XXEngine.m */ = {isa = PBXFileReference; fileEncoding = 4; lastKnownFileType = sourcecode.c.objc; path = XXEngine.m; sourceTree = "<group>"; };
		9A9A76241CF432600004EF94 /* XXGCDGroup.h */ = {isa = PBXFileReference; fileEncoding = 4; lastKnownFileType = sourcecode.c.h; path = XXGCDGroup.h; sourceTree = "<group>"; };
		9A9A76251CF432600004EF94 /* XXGCDGroup.m */ = {isa = PBXFileReference; fileEncoding = 4; lastKnownFileType = sourcecode.c.objc; path = XXGCDGroup.m; sourceTree = "<group>"; };
		9A9A762A1CF47EF60004EF94 /* XXGCDApply.h */ = {isa = PBXFileReference; fileEncoding = 4; lastKnownFileType = sourcecode.c.h; path = XXGCDApply.h; sourceTree = "<group>"; };
		9A9A762B1CF47EF60004EF94 /* XXGCDApply.m */ = {isa = PBXFileReference; fileEncoding = 4; lastKnownFileType = sourcecode.c.objc; path = XXGCDApply.m; sourceTree = "<group>"; };
		9A9A76351CF4837D0004EF94 /* XXGCDTimer.h */ = {isa = PBXFileReference; fileEncoding = 4; lastKnownFileType = sourcecode.c.h; path = XXGCDTimer.h; sourceTree = "<group>"; };
		9A9A76361CF4837D0004EF94 /* XXGCDTimer.m */ = {isa = PBXFileReference; fileEncoding = 4; lastKnownFileType = sourcecode.c.objc; path = XXGCDTimer.m; sourceTree = "<group>"; };
		9AC1B15B1D00504F00595397 /* XXGCDSync.h */ = {isa = PBXFileReference; fileEncoding = 4; lastKnownFileType = sourcecode.c.h; path = XXGCDSync.h; sourceTree = "<group>"; };
		9AC1B15C1D00504F00595397 /* XXGCDSync.m */ = {isa = PBXFileReference; fileEncoding = 4; lastKnownFileType = sourcecode.c.objc; path = XXGCDSync.m; sourceTree = "<group>"; };
		9AC1B15E1D00558A00595397 /* XXGCDGlobal.h */ = {isa = PBXFileReference; fileEncoding = 4; lastKnownFileType = sourcecode.c.h; path = XXGCDGlobal.h; sourceTree = "<group>"; };
		9AC1B15F1D00558A00595397 /* XXGCDGlobal.m */ = {isa = PBXFileReference; fileEncoding = 4; lastKnownFileType = sourcecode.c.objc; path = XXGCDGlobal.m; sourceTree = "<group>"; };
/* End PBXFileReference section */

/* Begin PBXFrameworksBuildPhase section */
		9A38E3491CF3EB8F00F11577 /* Frameworks */ = {
			isa = PBXFrameworksBuildPhase;
			buildActionMask = 2147483647;
			files = (
			);
			runOnlyForDeploymentPostprocessing = 0;
		};
/* End PBXFrameworksBuildPhase section */

/* Begin PBXGroup section */
		9A38E3431CF3EB8F00F11577 = {
			isa = PBXGroup;
			children = (
				9A38E34E1CF3EB8F00F11577 /* XXGCD */,
				9A38E34D1CF3EB8F00F11577 /* Products */,
			);
			sourceTree = "<group>";
		};
		9A38E34D1CF3EB8F00F11577 /* Products */ = {
			isa = PBXGroup;
			children = (
				9A38E34C1CF3EB8F00F11577 /* XXGCD.app */,
			);
			name = Products;
			sourceTree = "<group>";
		};
		9A38E34E1CF3EB8F00F11577 /* XXGCD */ = {
			isa = PBXGroup;
			children = (
				9A38E3661CF3EBA900F11577 /* GCD */,
				9A38E3521CF3EB8F00F11577 /* AppDelegate.h */,
				9A38E3531CF3EB8F00F11577 /* AppDelegate.m */,
				9A38E3551CF3EB8F00F11577 /* ViewController.h */,
				9A38E3561CF3EB8F00F11577 /* ViewController.m */,
				9A38E3581CF3EB8F00F11577 /* Main.storyboard */,
				9A38E35B1CF3EB8F00F11577 /* Assets.xcassets */,
				9A38E35D1CF3EB8F00F11577 /* LaunchScreen.storyboard */,
				9A38E3601CF3EB8F00F11577 /* Info.plist */,
				9A38E34F1CF3EB8F00F11577 /* Supporting Files */,
			);
			path = XXGCD;
			sourceTree = "<group>";
		};
		9A38E34F1CF3EB8F00F11577 /* Supporting Files */ = {
			isa = PBXGroup;
			children = (
				9A38E3501CF3EB8F00F11577 /* main.m */,
			);
			name = "Supporting Files";
			sourceTree = "<group>";
		};
		9A38E3661CF3EBA900F11577 /* GCD */ = {
			isa = PBXGroup;
			children = (
				9A38E3671CF3EC1C00F11577 /* XXGCDSemaphore.h */,
				9A38E3681CF3EC1C00F11577 /* XXGCDSemaphore.m */,
				9A38E36A1CF3F0CA00F11577 /* XXEngine.h */,
				9A38E36B1CF3F0CA00F11577 /* XXEngine.m */,
				9A9A76241CF432600004EF94 /* XXGCDGroup.h */,
				9A9A76251CF432600004EF94 /* XXGCDGroup.m */,
				9A9A762A1CF47EF60004EF94 /* XXGCDApply.h */,
				9A9A762B1CF47EF60004EF94 /* XXGCDApply.m */,
				9A9A76351CF4837D0004EF94 /* XXGCDTimer.h */,
				9A9A76361CF4837D0004EF94 /* XXGCDTimer.m */,
				9AC1B15B1D00504F00595397 /* XXGCDSync.h */,
				9AC1B15C1D00504F00595397 /* XXGCDSync.m */,
				9AC1B15E1D00558A00595397 /* XXGCDGlobal.h */,
				9AC1B15F1D00558A00595397 /* XXGCDGlobal.m */,
			);
			path = GCD;
			sourceTree = "<group>";
		};
/* End PBXGroup section */

/* Begin PBXNativeTarget section */
		9A38E34B1CF3EB8F00F11577 /* XXGCD */ = {
			isa = PBXNativeTarget;
			buildConfigurationList = 9A38E3631CF3EB8F00F11577 /* Build configuration list for PBXNativeTarget "XXGCD" */;
			buildPhases = (
				9A38E3481CF3EB8F00F11577 /* Sources */,
				9A38E3491CF3EB8F00F11577 /* Frameworks */,
				9A38E34A1CF3EB8F00F11577 /* Resources */,
			);
			buildRules = (
			);
			dependencies = (
			);
			name = XXGCD;
			productName = XXGCD;
			productReference = 9A38E34C1CF3EB8F00F11577 /* XXGCD.app */;
			productType = "com.apple.product-type.application";
		};
/* End PBXNativeTarget section */

/* Begin PBXProject section */
		9A38E3441CF3EB8F00F11577 /* Project object */ = {
			isa = PBXProject;
			attributes = {
				LastUpgradeCheck = 0730;
				ORGANIZATIONNAME = tomxiang;
				TargetAttributes = {
					9A38E34B1CF3EB8F00F11577 = {
						CreatedOnToolsVersion = 7.3.1;
					};
				};
			};
			buildConfigurationList = 9A38E3471CF3EB8F00F11577 /* Build configuration list for PBXProject "XXGCD" */;
			compatibilityVersion = "Xcode 3.2";
			developmentRegion = English;
			hasScannedForEncodings = 0;
			knownRegions = (
				en,
				Base,
			);
			mainGroup = 9A38E3431CF3EB8F00F11577;
			productRefGroup = 9A38E34D1CF3EB8F00F11577 /* Products */;
			projectDirPath = "";
			projectRoot = "";
			targets = (
				9A38E34B1CF3EB8F00F11577 /* XXGCD */,
			);
		};
/* End PBXProject section */

/* Begin PBXResourcesBuildPhase section */
		9A38E34A1CF3EB8F00F11577 /* Resources */ = {
			isa = PBXResourcesBuildPhase;
			buildActionMask = 2147483647;
			files = (
				9A38E35F1CF3EB8F00F11577 /* LaunchScreen.storyboard in Resources */,
				9A38E35C1CF3EB8F00F11577 /* Assets.xcassets in Resources */,
				9A38E35A1CF3EB8F00F11577 /* Main.storyboard in Resources */,
			);
			runOnlyForDeploymentPostprocessing = 0;
		};
/* End PBXResourcesBuildPhase section */

/* Begin PBXSourcesBuildPhase section */
		9A38E3481CF3EB8F00F11577 /* Sources */ = {
			isa = PBXSourcesBuildPhase;
			buildActionMask = 2147483647;
			files = (
				9A38E3571CF3EB8F00F11577 /* ViewController.m in Sources */,
				9AC1B1601D00558A00595397 /* XXGCDGlobal.m in Sources */,
				9AC1B15D1D00504F00595397 /* XXGCDSync.m in Sources */,
				9A38E36C1CF3F0CA00F11577 /* XXEngine.m in Sources */,
				9A9A76261CF432600004EF94 /* XXGCDGroup.m in Sources */,
				9A38E3691CF3EC1C00F11577 /* XXGCDSemaphore.m in Sources */,
				9A9A762C1CF47EF60004EF94 /* XXGCDApply.m in Sources */,
				9A38E3541CF3EB8F00F11577 /* AppDelegate.m in Sources */,
				9A9A76371CF4837D0004EF94 /* XXGCDTimer.m in Sources */,
				9A38E3511CF3EB8F00F11577 /* main.m in Sources */,
			);
			runOnlyForDeploymentPostprocessing = 0;
		};
/* End PBXSourcesBuildPhase section */

/* Begin PBXVariantGroup section */
		9A38E3581CF3EB8F00F11577 /* Main.storyboard */ = {
			isa = PBXVariantGroup;
			children = (
				9A38E3591CF3EB8F00F11577 /* Base */,
			);
			name = Main.storyboard;
			sourceTree = "<group>";
		};
		9A38E35D1CF3EB8F00F11577 /* LaunchScreen.storyboard */ = {
			isa = PBXVariantGroup;
			children = (
				9A38E35E1CF3EB8F00F11577 /* Base */,
			);
			name = LaunchScreen.storyboard;
			sourceTree = "<group>";
		};
/* End PBXVariantGroup section */

/* Begin XCBuildConfiguration section */
		9A38E3611CF3EB8F00F11577 /* Debug */ = {
			isa = XCBuildConfiguration;
			buildSettings = {
				ALWAYS_SEARCH_USER_PATHS = NO;
				CLANG_ANALYZER_NONNULL = YES;
				CLANG_CXX_LANGUAGE_STANDARD = "gnu++0x";
				CLANG_CXX_LIBRARY = "libc++";
				CLANG_ENABLE_MODULES = YES;
				CLANG_ENABLE_OBJC_ARC = YES;
				CLANG_WARN_BOOL_CONVERSION = YES;
				CLANG_WARN_CONSTANT_CONVERSION = YES;
				CLANG_WARN_DIRECT_OBJC_ISA_USAGE = YES_ERROR;
				CLANG_WARN_EMPTY_BODY = YES;
				CLANG_WARN_ENUM_CONVERSION = YES;
				CLANG_WARN_INT_CONVERSION = YES;
				CLANG_WARN_OBJC_ROOT_CLASS = YES_ERROR;
				CLANG_WARN_UNREACHABLE_CODE = YES;
				CLANG_WARN__DUPLICATE_METHOD_MATCH = YES;
				"CODE_SIGN_IDENTITY[sdk=iphoneos*]" = "iPhone Developer";
				COPY_PHASE_STRIP = NO;
				DEBUG_INFORMATION_FORMAT = dwarf;
				ENABLE_STRICT_OBJC_MSGSEND = YES;
				ENABLE_TESTABILITY = YES;
				GCC_C_LANGUAGE_STANDARD = gnu99;
				GCC_DYNAMIC_NO_PIC = NO;
				GCC_NO_COMMON_BLOCKS = YES;
				GCC_OPTIMIZATION_LEVEL = 0;
				GCC_PREPROCESSOR_DEFINITIONS = (
					"DEBUG=1",
					"$(inherited)",
				);
				GCC_WARN_64_TO_32_BIT_CONVERSION = YES;
				GCC_WARN_ABOUT_RETURN_TYPE = YES_ERROR;
				GCC_WARN_UNDECLARED_SELECTOR = YES;
				GCC_WARN_UNINITIALIZED_AUTOS = YES_AGGRESSIVE;
				GCC_WARN_UNUSED_FUNCTION = YES;
				GCC_WARN_UNUSED_VARIABLE = YES;
				IPHONEOS_DEPLOYMENT_TARGET = 9.3;
				MTL_ENABLE_DEBUG_INFO = YES;
				ONLY_ACTIVE_ARCH = YES;
				SDKROOT = iphoneos;
				TARGETED_DEVICE_FAMILY = "1,2";
			};
			name = Debug;
		};
		9A38E3621CF3EB8F00F11577 /* Release */ = {
			isa = XCBuildConfiguration;
			buildSettings = {
				ALWAYS_SEARCH_USER_PATHS = NO;
				CLANG_ANALYZER_NONNULL = YES;
				CLANG_CXX_LANGUAGE_STANDARD = "gnu++0x";
				CLANG_CXX_LIBRARY = "libc++";
				CLANG_ENABLE_MODULES = YES;
				CLANG_ENABLE_OBJC_ARC = YES;
				CLANG_WARN_BOOL_CONVERSION = YES;
				CLANG_WARN_CONSTANT_CONVERSION = YES;
				CLANG_WARN_DIRECT_OBJC_ISA_USAGE = YES_ERROR;
				CLANG_WARN_EMPTY_BODY = YES;
				CLANG_WARN_ENUM_CONVERSION = YES;
				CLANG_WARN_INT_CONVERSION = YES;
				CLANG_WARN_OBJC_ROOT_CLASS = YES_ERROR;
				CLANG_WARN_UNREACHABLE_CODE = YES;
				CLANG_WARN__DUPLICATE_METHOD_MATCH = YES;
				"CODE_SIGN_IDENTITY[sdk=iphoneos*]" = "iPhone Developer";
				COPY_PHASE_STRIP = NO;
				DEBUG_INFORMATION_FORMAT = "dwarf-with-dsym";
				ENABLE_NS_ASSERTIONS = NO;
				ENABLE_STRICT_OBJC_MSGSEND = YES;
				GCC_C_LANGUAGE_STANDARD = gnu99;
				GCC_NO_COMMON_BLOCKS = YES;
				GCC_WARN_64_TO_32_BIT_CONVERSION = YES;
				GCC_WARN_ABOUT_RETURN_TYPE = YES_ERROR;
				GCC_WARN_UNDECLARED_SELECTOR = YES;
				GCC_WARN_UNINITIALIZED_AUTOS = YES_AGGRESSIVE;
				GCC_WARN_UNUSED_FUNCTION = YES;
				GCC_WARN_UNUSED_VARIABLE = YES;
				IPHONEOS_DEPLOYMENT_TARGET = 9.3;
				MTL_ENABLE_DEBUG_INFO = NO;
				SDKROOT = iphoneos;
				TARGETED_DEVICE_FAMILY = "1,2";
				VALIDATE_PRODUCT = YES;
			};
			name = Release;
		};
		9A38E3641CF3EB8F00F11577 /* Debug */ = {
			isa = XCBuildConfiguration;
			buildSettings = {
				ASSETCATALOG_COMPILER_APPICON_NAME = AppIcon;
				INFOPLIST_FILE = XXGCD/Info.plist;
				LD_RUNPATH_SEARCH_PATHS = "$(inherited) @executable_path/Frameworks";
				PRODUCT_BUNDLE_IDENTIFIER = com.mqq.tomxiang.XXGCD;
				PRODUCT_NAME = "$(TARGET_NAME)";
			};
			name = Debug;
		};
		9A38E3651CF3EB8F00F11577 /* Release */ = {
			isa = XCBuildConfiguration;
			buildSettings = {
				ASSETCATALOG_COMPILER_APPICON_NAME = AppIcon;
				INFOPLIST_FILE = XXGCD/Info.plist;
				LD_RUNPATH_SEARCH_PATHS = "$(inherited) @executable_path/Frameworks";
				PRODUCT_BUNDLE_IDENTIFIER = com.mqq.tomxiang.XXGCD;
				PRODUCT_NAME = "$(TARGET_NAME)";
			};
			name = Release;
		};
/* End XCBuildConfiguration section */

/* Begin XCConfigurationList section */
		9A38E3471CF3EB8F00F11577 /* Build configuration list for PBXProject "XXGCD" */ = {
			isa = XCConfigurationList;
			buildConfigurations = (
				9A38E3611CF3EB8F00F11577 /* Debug */,
				9A38E3621CF3EB8F00F11577 /* Release */,
			);
			defaultConfigurationIsVisible = 0;
			defaultConfigurationName = Release;
		};
		9A38E3631CF3EB8F00F11577 /* Build configuration list for PBXNativeTarget "XXGCD" */ = {
			isa = XCConfigurationList;
			buildConfigurations = (
				9A38E3641CF3EB8F00F11577 /* Debug */,
				9A38E3651CF3EB8F00F11577 /* Release */,
			);
			defaultConfigurationIsVisible = 0;
			defaultConfigurationName = Release;
		};
/* End XCConfigurationList section */
	};
	rootObject = 9A38E3441CF3EB8F00F11577 /* Project object */;
}
